
Microsoft Visual Studio Solution File, Format Version 12.00
# Visual Studio Version 17
VisualStudioVersion = 17.5.33516.290
MinimumVisualStudioVersion = 10.0.40219.1
Project("{FAE04EC0-301F-11D3-BF4B-00C04F79EFBC}") = "DemoWebAPI", "DemoWebAPI\DemoWebAPI.csproj", "{65E77C28-846B-4EA8-BA8C-D00C882B5C38}"
EndProject
Global
	GlobalSection(SolutionConfigurationPlatforms) = preSolution
		Debug|Any CPU = Debug|Any CPU
		Release|Any CPU = Release|Any CPU
	EndGlobalSection
	GlobalSection(ProjectConfigurationPlatforms) = postSolution
		{65E77C28-846B-4EA8-BA8C-D00C882B5C38}.Debug|Any CPU.ActiveCfg = Debug|Any CPU
		{65E77C28-846B-4EA8-BA8C-D00C882B5C38}.Debug|Any CPU.Build.0 = Debug|Any CPU
		{65E77C28-846B-4EA8-BA8C-D00C882B5C38}.Release|Any CPU.ActiveCfg = Release|Any CPU
		{65E77C28-846B-4EA8-BA8C-D00C882B5C38}.Release|Any CPU.Build.0 = Release|Any CPU
	EndGlobalSection
	GlobalSection(SolutionProperties) = preSolution
		HideSolutionNode = FALSE
	EndGlobalSection
	GlobalSection(ExtensibilityGlobals) = postSolution
		SolutionGuid = {F85EA38B-3CC2-48CA-B7FC-B4FA7A22845D}
	EndGlobalSection
EndGlobal
